
Microsoft Visual Studio Solution File, Format Version 12.00
# Visual Studio Version 17
VisualStudioVersion = 17.5.33502.453
MinimumVisualStudioVersion = 10.0.40219.1
Project("{FAE04EC0-301F-11D3-BF4B-00C04F79EFBC}") = "Reg_Sign", "Reg_Sign.csproj", "{F7AB60F8-1196-41C2-B734-EC672E717828}"
EndProject
Global
	GlobalSection(SolutionConfigurationPlatforms) = preSolution
		Debug|Any CPU = Debug|Any CPU
		Release|Any CPU = Release|Any CPU
	EndGlobalSection
	GlobalSection(ProjectConfigurationPlatforms) = postSolution
		{F7AB60F8-1196-41C2-B734-EC672E717828}.Debug|Any CPU.ActiveCfg = Debug|Any CPU
		{F7AB60F8-1196-41C2-B734-EC672E717828}.Debug|Any CPU.Build.0 = Debug|Any CPU
		{F7AB60F8-1196-41C2-B734-EC672E717828}.Release|Any CPU.ActiveCfg = Release|Any CPU
		{F7AB60F8-1196-41C2-B734-EC672E717828}.Release|Any CPU.Build.0 = Release|Any CPU
	EndGlobalSection
	GlobalSection(SolutionProperties) = preSolution
		HideSolutionNode = FALSE
	EndGlobalSection
	GlobalSection(ExtensibilityGlobals) = postSolution
		SolutionGuid = {28DE44D2-46BF-4B0C-AD04-42804AD78C0C}
	EndGlobalSection
EndGlobal
