
Microsoft Visual Studio Solution File, Format Version 12.00
# Visual Studio Version 17
VisualStudioVersion = 17.5.33502.453
MinimumVisualStudioVersion = 10.0.40219.1
Project("{FAE04EC0-301F-11D3-BF4B-00C04F79EFBC}") = "x&o", "x&o.csproj", "{FB9B1574-38EE-47EA-AC91-C94FBA7E7617}"
EndProject
Global
	GlobalSection(SolutionConfigurationPlatforms) = preSolution
		Debug|Any CPU = Debug|Any CPU
		Release|Any CPU = Release|Any CPU
	EndGlobalSection
	GlobalSection(ProjectConfigurationPlatforms) = postSolution
		{FB9B1574-38EE-47EA-AC91-C94FBA7E7617}.Debug|Any CPU.ActiveCfg = Debug|Any CPU
		{FB9B1574-38EE-47EA-AC91-C94FBA7E7617}.Debug|Any CPU.Build.0 = Debug|Any CPU
		{FB9B1574-38EE-47EA-AC91-C94FBA7E7617}.Release|Any CPU.ActiveCfg = Release|Any CPU
		{FB9B1574-38EE-47EA-AC91-C94FBA7E7617}.Release|Any CPU.Build.0 = Release|Any CPU
	EndGlobalSection
	GlobalSection(SolutionProperties) = preSolution
		HideSolutionNode = FALSE
	EndGlobalSection
	GlobalSection(ExtensibilityGlobals) = postSolution
		SolutionGuid = {B8F1F324-357C-4D1C-8407-63711346539D}
	EndGlobalSection
EndGlobal
